<Solution>
  <Folder Name="/src/">
    <Project Path="src/Flowspan.Application/Flowspan.Application.csproj" />
    <Project Path="src/Flowspan.Diagnostics/Flowspan.Diagnostics.csproj" />
    <Project Path="src/Flowspan.Domain/Flowspan.Domain.csproj" />
    <Project Path="src/Flowspan.Platform.Linux/Flowspan.Platform.Linux.csproj" />
    <Project Path="src/Flowspan.Platform.MacOS/Flowspan.Platform.MacOS.csproj" />
    <Project Path="src/Flowspan.Platform/Flowspan.Platform.csproj" />
    <Project Path="src/Flowspan.Platform.Windows/Flowspan.Platform.Windows.csproj" />
    <Project Path="src/Flowspan.Protocol/Flowspan.Protocol.csproj" />
    <Project Path="src/Flowspan.Security/Flowspan.Security.csproj" />
    <Project Path="src/Flowspan.Simulator/Flowspan.Simulator.csproj" />
    <Project Path="src/Flowspan.Transport/Flowspan.Transport.csproj" />
  </Folder>
  <Folder Name="/tests/">
    <Project Path="tests/Flowspan.Domain.Tests/Flowspan.Domain.Tests.csproj" />
    <Project Path="tests/Flowspan.Integration.Tests/Flowspan.Integration.Tests.csproj" />
    <Project Path="tests/Flowspan.Platform.Linux.Tests/Flowspan.Platform.Linux.Tests.csproj" />
    <Project Path="tests/Flowspan.Platform.MacOS.Tests/Flowspan.Platform.MacOS.Tests.csproj" />
    <Project Path="tests/Flowspan.Platform.Tests/Flowspan.Platform.Tests.csproj" />
    <Project Path="tests/Flowspan.Platform.Windows.Tests/Flowspan.Platform.Windows.Tests.csproj" />
    <Project Path="tests/Flowspan.Protocol.Tests/Flowspan.Protocol.Tests.csproj" />
    <Project Path="tests/Flowspan.Security.Tests/Flowspan.Security.Tests.csproj" />
    <Project Path="tests/Flowspan.Transport.Tests/Flowspan.Transport.Tests.csproj" />
  </Folder>
</Solution>
